
Microsoft Visual Studio Solution File, Format Version 12.00
# Visual Studio Version 17
VisualStudioVersion = 17.11.35222.181
MinimumVisualStudioVersion = 10.0.40219.1
Project("{9A19103F-16F7-4668-BE54-9A1E7A4F7556}") = "BergNotenWASM", "BergNotenWASM.csproj", "{442B4718-E4E2-4CD5-908D-BC4D590C8A23}"
EndProject
Global
	GlobalSection(SolutionConfigurationPlatforms) = preSolution
		Debug|Any CPU = Debug|Any CPU
		Release|Any CPU = Release|Any CPU
	EndGlobalSection
	GlobalSection(ProjectConfigurationPlatforms) = postSolution
		{442B4718-E4E2-4CD5-908D-BC4D590C8A23}.Debug|Any CPU.ActiveCfg = Debug|Any CPU
		{442B4718-E4E2-4CD5-908D-BC4D590C8A23}.Debug|Any CPU.Build.0 = Debug|Any CPU
		{442B4718-E4E2-4CD5-908D-BC4D590C8A23}.Release|Any CPU.ActiveCfg = Release|Any CPU
		{442B4718-E4E2-4CD5-908D-BC4D590C8A23}.Release|Any CPU.Build.0 = Release|Any CPU
	EndGlobalSection
	GlobalSection(SolutionProperties) = preSolution
		HideSolutionNode = FALSE
	EndGlobalSection
	GlobalSection(ExtensibilityGlobals) = postSolution
		SolutionGuid = {5184DBBF-39B8-448B-B47E-9441BE0F2FD4}
	EndGlobalSection
EndGlobal
